
Microsoft Visual Studio Solution File, Format Version 12.00
Project("{FAE04EC0-301F-11D3-BF4B-00C04F79EFBC}") = "Biblioteka.Api", "Biblioteka.Api\Biblioteka.Api.csproj", "{F64C1551-D8E4-48AB-B7D7-310ECBBA33EE}"
EndProject
Global
	GlobalSection(SolutionConfigurationPlatforms) = preSolution
		Debug|Any CPU = Debug|Any CPU
		Release|Any CPU = Release|Any CPU
	EndGlobalSection
	GlobalSection(ProjectConfigurationPlatforms) = postSolution
		{F64C1551-D8E4-48AB-B7D7-310ECBBA33EE}.Debug|Any CPU.ActiveCfg = Debug|Any CPU
		{F64C1551-D8E4-48AB-B7D7-310ECBBA33EE}.Debug|Any CPU.Build.0 = Debug|Any CPU
		{F64C1551-D8E4-48AB-B7D7-310ECBBA33EE}.Release|Any CPU.ActiveCfg = Release|Any CPU
		{F64C1551-D8E4-48AB-B7D7-310ECBBA33EE}.Release|Any CPU.Build.0 = Release|Any CPU
	EndGlobalSection
EndGlobal
